
Microsoft Visual Studio Solution File, Format Version 11.00
# Visual Studio Version 17

Project("{8BC9CEB8-8B4A-11D0-8D11-00A0C91BC942}") = "EyeTracking - Standalone Plugin", "EyeTracking_StandalonePlugin.vcxproj", "{0E8E60C1-55E0-696D-62CC-67767A2EEB15}"
	ProjectSection(ProjectDependencies) = postProject
		{AC4852DA-5912-3FAF-6698-EC776E4A8110} = {AC4852DA-5912-3FAF-6698-EC776E4A8110}
	EndProjectSection
EndProject
Project("{8BC9CEB8-8B4A-11D0-8D11-00A0C91BC942}") = "EyeTracking - VST3", "EyeTracking_VST3.vcxproj", "{9BA664A1-EC68-8385-567D-DA13A347710F}"
	ProjectSection(ProjectDependencies) = postProject
		{AC4852DA-5912-3FAF-6698-EC776E4A8110} = {AC4852DA-5912-3FAF-6698-EC776E4A8110}
	EndProjectSection
EndProject
Project("{8BC9CEB8-8B4A-11D0-8D11-00A0C91BC942}") = "EyeTracking - Shared Code", "EyeTracking_SharedCode.vcxproj", "{AC4852DA-5912-3FAF-6698-EC776E4A8110}"
EndProject
Global
	GlobalSection(SolutionConfigurationPlatforms) = preSolution
		Debug|x64 = Debug|x64
		Release|x64 = Release|x64
	EndGlobalSection
	GlobalSection(ProjectConfigurationPlatforms) = postSolution
		{9BA664A1-EC68-8385-567D-DA13A347710F}.Debug|x64.ActiveCfg = Debug|x64
		{9BA664A1-EC68-8385-567D-DA13A347710F}.Debug|x64.Build.0 = Debug|x64
		{9BA664A1-EC68-8385-567D-DA13A347710F}.Release|x64.ActiveCfg = Release|x64
		{9BA664A1-EC68-8385-567D-DA13A347710F}.Release|x64.Build.0 = Release|x64
		{0E8E60C1-55E0-696D-62CC-67767A2EEB15}.Debug|x64.ActiveCfg = Debug|x64
		{0E8E60C1-55E0-696D-62CC-67767A2EEB15}.Debug|x64.Build.0 = Debug|x64
		{0E8E60C1-55E0-696D-62CC-67767A2EEB15}.Release|x64.ActiveCfg = Release|x64
		{0E8E60C1-55E0-696D-62CC-67767A2EEB15}.Release|x64.Build.0 = Release|x64
		{AC4852DA-5912-3FAF-6698-EC776E4A8110}.Debug|x64.ActiveCfg = Debug|x64
		{AC4852DA-5912-3FAF-6698-EC776E4A8110}.Debug|x64.Build.0 = Debug|x64
		{AC4852DA-5912-3FAF-6698-EC776E4A8110}.Release|x64.ActiveCfg = Release|x64
		{AC4852DA-5912-3FAF-6698-EC776E4A8110}.Release|x64.Build.0 = Release|x64
	EndGlobalSection
	GlobalSection(SolutionProperties) = preSolution
		HideSolutionNode = FALSE
	EndGlobalSection
EndGlobal
